
Microsoft Visual Studio Solution File, Format Version 12.00
Project("{FAE04EC0-301F-11D3-BF4B-00C04F79EFBC}") = "Crayon.API", "Crayon.API\Crayon.API.csproj", "{1E777021-4C42-46DE-B32A-8CACE126D027}"
EndProject
Project("{FAE04EC0-301F-11D3-BF4B-00C04F79EFBC}") = "Crayon.Domain", "Crayon.Domain\Crayon.Domain.csproj", "{44A72517-791A-45EC-B054-047DE4D0F034}"
EndProject
Project("{FAE04EC0-301F-11D3-BF4B-00C04F79EFBC}") = "Crayon.Repository", "Crayon.Repository\Crayon.Repository.csproj", "{4E2FEF77-6555-4A02-8287-17C1486A3CC5}"
EndProject
Project("{FAE04EC0-301F-11D3-BF4B-00C04F79EFBC}") = "Crayon.Services", "Crayon.Services\Crayon.Services.csproj", "{B956846C-2318-4050-A024-B354113A4662}"
EndProject
Project("{2150E333-8FDC-42A3-9474-1A3956D46DE8}") = "src", "src", "{1BB6F3A6-CDAE-4855-9A00-B8D3FBB658F5}"
EndProject
Project("{2150E333-8FDC-42A3-9474-1A3956D46DE8}") = "tests", "tests", "{D92C54E6-CE6C-4C1D-B504-F327AC4CC7F5}"
EndProject
Project("{FAE04EC0-301F-11D3-BF4B-00C04F79EFBC}") = "Crayon.Tests", "Crayon.Tests\Crayon.Tests.csproj", "{677CF160-AA08-4FFD-A4EB-C33BBCBD25B2}"
EndProject
Global
	GlobalSection(SolutionConfigurationPlatforms) = preSolution
		Debug|Any CPU = Debug|Any CPU
		Release|Any CPU = Release|Any CPU
	EndGlobalSection
	GlobalSection(ProjectConfigurationPlatforms) = postSolution
		{1E777021-4C42-46DE-B32A-8CACE126D027}.Debug|Any CPU.ActiveCfg = Debug|Any CPU
		{1E777021-4C42-46DE-B32A-8CACE126D027}.Debug|Any CPU.Build.0 = Debug|Any CPU
		{1E777021-4C42-46DE-B32A-8CACE126D027}.Release|Any CPU.ActiveCfg = Release|Any CPU
		{1E777021-4C42-46DE-B32A-8CACE126D027}.Release|Any CPU.Build.0 = Release|Any CPU
		{44A72517-791A-45EC-B054-047DE4D0F034}.Debug|Any CPU.ActiveCfg = Debug|Any CPU
		{44A72517-791A-45EC-B054-047DE4D0F034}.Debug|Any CPU.Build.0 = Debug|Any CPU
		{44A72517-791A-45EC-B054-047DE4D0F034}.Release|Any CPU.ActiveCfg = Release|Any CPU
		{44A72517-791A-45EC-B054-047DE4D0F034}.Release|Any CPU.Build.0 = Release|Any CPU
		{4E2FEF77-6555-4A02-8287-17C1486A3CC5}.Debug|Any CPU.ActiveCfg = Debug|Any CPU
		{4E2FEF77-6555-4A02-8287-17C1486A3CC5}.Debug|Any CPU.Build.0 = Debug|Any CPU
		{4E2FEF77-6555-4A02-8287-17C1486A3CC5}.Release|Any CPU.ActiveCfg = Release|Any CPU
		{4E2FEF77-6555-4A02-8287-17C1486A3CC5}.Release|Any CPU.Build.0 = Release|Any CPU
		{B956846C-2318-4050-A024-B354113A4662}.Debug|Any CPU.ActiveCfg = Debug|Any CPU
		{B956846C-2318-4050-A024-B354113A4662}.Debug|Any CPU.Build.0 = Debug|Any CPU
		{B956846C-2318-4050-A024-B354113A4662}.Release|Any CPU.ActiveCfg = Release|Any CPU
		{B956846C-2318-4050-A024-B354113A4662}.Release|Any CPU.Build.0 = Release|Any CPU
		{677CF160-AA08-4FFD-A4EB-C33BBCBD25B2}.Debug|Any CPU.ActiveCfg = Debug|Any CPU
		{677CF160-AA08-4FFD-A4EB-C33BBCBD25B2}.Debug|Any CPU.Build.0 = Debug|Any CPU
		{677CF160-AA08-4FFD-A4EB-C33BBCBD25B2}.Release|Any CPU.ActiveCfg = Release|Any CPU
		{677CF160-AA08-4FFD-A4EB-C33BBCBD25B2}.Release|Any CPU.Build.0 = Release|Any CPU
	EndGlobalSection
	GlobalSection(NestedProjects) = preSolution
		{1E777021-4C42-46DE-B32A-8CACE126D027} = {1BB6F3A6-CDAE-4855-9A00-B8D3FBB658F5}
		{44A72517-791A-45EC-B054-047DE4D0F034} = {1BB6F3A6-CDAE-4855-9A00-B8D3FBB658F5}
		{4E2FEF77-6555-4A02-8287-17C1486A3CC5} = {1BB6F3A6-CDAE-4855-9A00-B8D3FBB658F5}
		{B956846C-2318-4050-A024-B354113A4662} = {1BB6F3A6-CDAE-4855-9A00-B8D3FBB658F5}
		{677CF160-AA08-4FFD-A4EB-C33BBCBD25B2} = {D92C54E6-CE6C-4C1D-B504-F327AC4CC7F5}
	EndGlobalSection
EndGlobal
